
Microsoft Visual Studio Solution File, Format Version 12.00
# Visual Studio Version 16
VisualStudioVersion = 16.0.31229.75
MinimumVisualStudioVersion = 10.0.40219.1
Project("{2150E333-8FDC-42A3-9474-1A3956D46DE8}") = "1. Presentation Layer", "1. Presentation Layer", "{7E4BC016-B964-4805-8159-155D2952651C}"
EndProject
Project("{2150E333-8FDC-42A3-9474-1A3956D46DE8}") = "2. Business Layer", "2. Business Layer", "{3AFFB354-503A-4E1E-B61E-CDC357333B30}"
EndProject
Project("{2150E333-8FDC-42A3-9474-1A3956D46DE8}") = "3. Data Layer", "3. Data Layer", "{8418571B-7AD5-4125-924F-3839C546D560}"
EndProject
Project("{9A19103F-16F7-4668-BE54-9A1E7A4F7556}") = "DataAccess", "DataAccess\DataAccess.csproj", "{AA7B22AE-D0E8-4F3B-BA62-B13B38188C38}"
EndProject
Project("{9A19103F-16F7-4668-BE54-9A1E7A4F7556}") = "BusinessObject", "BusinessObject\BusinessObject.csproj", "{F1BD4850-CEA3-4D05-A037-2CD35084E162}"
EndProject
Project("{9A19103F-16F7-4668-BE54-9A1E7A4F7556}") = "MyStoreWinApp", "MyStoreWinApp\MyStoreWinApp.csproj", "{C230A5E0-65C4-4D79-B9DE-3FD4C214EE31}"
EndProject
Global
	GlobalSection(SolutionConfigurationPlatforms) = preSolution
		Debug|Any CPU = Debug|Any CPU
		Release|Any CPU = Release|Any CPU
	EndGlobalSection
	GlobalSection(ProjectConfigurationPlatforms) = postSolution
		{AA7B22AE-D0E8-4F3B-BA62-B13B38188C38}.Debug|Any CPU.ActiveCfg = Debug|Any CPU
		{AA7B22AE-D0E8-4F3B-BA62-B13B38188C38}.Debug|Any CPU.Build.0 = Debug|Any CPU
		{AA7B22AE-D0E8-4F3B-BA62-B13B38188C38}.Release|Any CPU.ActiveCfg = Release|Any CPU
		{AA7B22AE-D0E8-4F3B-BA62-B13B38188C38}.Release|Any CPU.Build.0 = Release|Any CPU
		{F1BD4850-CEA3-4D05-A037-2CD35084E162}.Debug|Any CPU.ActiveCfg = Debug|Any CPU
		{F1BD4850-CEA3-4D05-A037-2CD35084E162}.Debug|Any CPU.Build.0 = Debug|Any CPU
		{F1BD4850-CEA3-4D05-A037-2CD35084E162}.Release|Any CPU.ActiveCfg = Release|Any CPU
		{F1BD4850-CEA3-4D05-A037-2CD35084E162}.Release|Any CPU.Build.0 = Release|Any CPU
		{C230A5E0-65C4-4D79-B9DE-3FD4C214EE31}.Debug|Any CPU.ActiveCfg = Debug|Any CPU
		{C230A5E0-65C4-4D79-B9DE-3FD4C214EE31}.Debug|Any CPU.Build.0 = Debug|Any CPU
		{C230A5E0-65C4-4D79-B9DE-3FD4C214EE31}.Release|Any CPU.ActiveCfg = Release|Any CPU
		{C230A5E0-65C4-4D79-B9DE-3FD4C214EE31}.Release|Any CPU.Build.0 = Release|Any CPU
	EndGlobalSection
	GlobalSection(SolutionProperties) = preSolution
		HideSolutionNode = FALSE
	EndGlobalSection
	GlobalSection(NestedProjects) = preSolution
		{AA7B22AE-D0E8-4F3B-BA62-B13B38188C38} = {8418571B-7AD5-4125-924F-3839C546D560}
		{F1BD4850-CEA3-4D05-A037-2CD35084E162} = {3AFFB354-503A-4E1E-B61E-CDC357333B30}
		{C230A5E0-65C4-4D79-B9DE-3FD4C214EE31} = {7E4BC016-B964-4805-8159-155D2952651C}
	EndGlobalSection
	GlobalSection(ExtensibilityGlobals) = postSolution
		SolutionGuid = {CB6E51B8-D79F-493E-A433-274B7A668377}
	EndGlobalSection
EndGlobal
